
Microsoft Visual Studio Solution File, Format Version 12.00
# Visual Studio Version 16
VisualStudioVersion = 16.0.30104.148
MinimumVisualStudioVersion = 10.0.40219.1
Project("{8BC9CEB8-8B4A-11D0-8D11-00A0C91BC942}") = "B-Tree", "B-Tree\B-Tree.vcxproj", "{B4352F61-6845-475A-BDBB-1FF9E67EE127}"
EndProject
Project("{8BC9CEB8-8B4A-11D0-8D11-00A0C91BC942}") = "Test_B-Tree", "Test_B-Tree\Test_B-Tree.vcxproj", "{88551173-9459-48B7-9B48-1B431F605CD6}"
EndProject
Project("{8BC9CEB8-8B4A-11D0-8D11-00A0C91BC942}") = "Test_my_map", "Test_my_map\Test_my_map.vcxproj", "{699C9DAA-7F0D-412F-A1CB-120C37B75BEC}"
EndProject
Global
	GlobalSection(SolutionConfigurationPlatforms) = preSolution
		Debug|x64 = Debug|x64
		Debug|x86 = Debug|x86
		Release|x64 = Release|x64
		Release|x86 = Release|x86
	EndGlobalSection
	GlobalSection(ProjectConfigurationPlatforms) = postSolution
		{B4352F61-6845-475A-BDBB-1FF9E67EE127}.Debug|x64.ActiveCfg = Debug|x64
		{B4352F61-6845-475A-BDBB-1FF9E67EE127}.Debug|x64.Build.0 = Debug|x64
		{B4352F61-6845-475A-BDBB-1FF9E67EE127}.Debug|x86.ActiveCfg = Debug|Win32
		{B4352F61-6845-475A-BDBB-1FF9E67EE127}.Debug|x86.Build.0 = Debug|Win32
		{B4352F61-6845-475A-BDBB-1FF9E67EE127}.Release|x64.ActiveCfg = Release|x64
		{B4352F61-6845-475A-BDBB-1FF9E67EE127}.Release|x64.Build.0 = Release|x64
		{B4352F61-6845-475A-BDBB-1FF9E67EE127}.Release|x86.ActiveCfg = Release|Win32
		{B4352F61-6845-475A-BDBB-1FF9E67EE127}.Release|x86.Build.0 = Release|Win32
		{88551173-9459-48B7-9B48-1B431F605CD6}.Debug|x64.ActiveCfg = Debug|x64
		{88551173-9459-48B7-9B48-1B431F605CD6}.Debug|x64.Build.0 = Debug|x64
		{88551173-9459-48B7-9B48-1B431F605CD6}.Debug|x86.ActiveCfg = Debug|Win32
		{88551173-9459-48B7-9B48-1B431F605CD6}.Debug|x86.Build.0 = Debug|Win32
		{88551173-9459-48B7-9B48-1B431F605CD6}.Release|x64.ActiveCfg = Release|x64
		{88551173-9459-48B7-9B48-1B431F605CD6}.Release|x64.Build.0 = Release|x64
		{88551173-9459-48B7-9B48-1B431F605CD6}.Release|x86.ActiveCfg = Release|Win32
		{88551173-9459-48B7-9B48-1B431F605CD6}.Release|x86.Build.0 = Release|Win32
		{699C9DAA-7F0D-412F-A1CB-120C37B75BEC}.Debug|x64.ActiveCfg = Debug|x64
		{699C9DAA-7F0D-412F-A1CB-120C37B75BEC}.Debug|x64.Build.0 = Debug|x64
		{699C9DAA-7F0D-412F-A1CB-120C37B75BEC}.Debug|x86.ActiveCfg = Debug|Win32
		{699C9DAA-7F0D-412F-A1CB-120C37B75BEC}.Debug|x86.Build.0 = Debug|Win32
		{699C9DAA-7F0D-412F-A1CB-120C37B75BEC}.Release|x64.ActiveCfg = Release|x64
		{699C9DAA-7F0D-412F-A1CB-120C37B75BEC}.Release|x64.Build.0 = Release|x64
		{699C9DAA-7F0D-412F-A1CB-120C37B75BEC}.Release|x86.ActiveCfg = Release|Win32
		{699C9DAA-7F0D-412F-A1CB-120C37B75BEC}.Release|x86.Build.0 = Release|Win32
	EndGlobalSection
	GlobalSection(SolutionProperties) = preSolution
		HideSolutionNode = FALSE
	EndGlobalSection
	GlobalSection(ExtensibilityGlobals) = postSolution
		SolutionGuid = {3F68B6B4-5F76-4D81-8AA8-5A945BAA44F6}
	EndGlobalSection
EndGlobal
